
Microsoft Visual Studio Solution File, Format Version 12.00
# Visual Studio Version 17
VisualStudioVersion = 17.1.32421.90
MinimumVisualStudioVersion = 10.0.40219.1
Project("{9A19103F-16F7-4668-BE54-9A1E7A4F7556}") = "BlogServer", "BlogServer\BlogServer.csproj", "{4C08F560-38BC-436A-BD20-D075A7E08FA1}"
EndProject
Project("{9A19103F-16F7-4668-BE54-9A1E7A4F7556}") = "BlogBLL", "BlogBll\BlogBLL.csproj", "{25E2E3EC-8B4E-4834-8A5B-44E508D28E85}"
EndProject
Project("{9A19103F-16F7-4668-BE54-9A1E7A4F7556}") = "BlogDAL", "BlogDAL\BlogDAL.csproj", "{78724AC9-6EC9-4688-B18D-7574C4527BB4}"
EndProject
Global
	GlobalSection(SolutionConfigurationPlatforms) = preSolution
		Debug|Any CPU = Debug|Any CPU
		Release|Any CPU = Release|Any CPU
	EndGlobalSection
	GlobalSection(ProjectConfigurationPlatforms) = postSolution
		{4C08F560-38BC-436A-BD20-D075A7E08FA1}.Debug|Any CPU.ActiveCfg = Debug|Any CPU
		{4C08F560-38BC-436A-BD20-D075A7E08FA1}.Debug|Any CPU.Build.0 = Debug|Any CPU
		{4C08F560-38BC-436A-BD20-D075A7E08FA1}.Release|Any CPU.ActiveCfg = Release|Any CPU
		{4C08F560-38BC-436A-BD20-D075A7E08FA1}.Release|Any CPU.Build.0 = Release|Any CPU
		{25E2E3EC-8B4E-4834-8A5B-44E508D28E85}.Debug|Any CPU.ActiveCfg = Debug|Any CPU
		{25E2E3EC-8B4E-4834-8A5B-44E508D28E85}.Debug|Any CPU.Build.0 = Debug|Any CPU
		{25E2E3EC-8B4E-4834-8A5B-44E508D28E85}.Release|Any CPU.ActiveCfg = Release|Any CPU
		{25E2E3EC-8B4E-4834-8A5B-44E508D28E85}.Release|Any CPU.Build.0 = Release|Any CPU
		{78724AC9-6EC9-4688-B18D-7574C4527BB4}.Debug|Any CPU.ActiveCfg = Debug|Any CPU
		{78724AC9-6EC9-4688-B18D-7574C4527BB4}.Debug|Any CPU.Build.0 = Debug|Any CPU
		{78724AC9-6EC9-4688-B18D-7574C4527BB4}.Release|Any CPU.ActiveCfg = Release|Any CPU
		{78724AC9-6EC9-4688-B18D-7574C4527BB4}.Release|Any CPU.Build.0 = Release|Any CPU
	EndGlobalSection
	GlobalSection(SolutionProperties) = preSolution
		HideSolutionNode = FALSE
	EndGlobalSection
	GlobalSection(ExtensibilityGlobals) = postSolution
		SolutionGuid = {53638E62-6311-4C37-97A2-8C75E2D559F9}
	EndGlobalSection
EndGlobal
